
Microsoft Visual Studio Solution File, Format Version 12.00
# Visual Studio Version 16
VisualStudioVersion = 16.0.32510.428
MinimumVisualStudioVersion = 10.0.40219.1
Project("{FAE04EC0-301F-11D3-BF4B-00C04F79EFBC}") = "TestClass1", "TestClass1\TestClass1.csproj", "{FFD28F8C-929A-4AEF-8FAA-4D72959B9EE4}"
EndProject
Project("{FAE04EC0-301F-11D3-BF4B-00C04F79EFBC}") = "TestDataClass1", "TestDataClass1\TestDataClass1.csproj", "{D142CA8B-F466-4AAB-B049-7524160427DC}"
EndProject
Project("{FAE04EC0-301F-11D3-BF4B-00C04F79EFBC}") = "WpfAppDataGrid", "WpfAppDataGrid\WpfAppDataGrid.csproj", "{4DCBF624-8A8A-43CD-8E55-E66667FD31D5}"
EndProject
Global
	GlobalSection(SolutionConfigurationPlatforms) = preSolution
		Debug|Any CPU = Debug|Any CPU
		Release|Any CPU = Release|Any CPU
	EndGlobalSection
	GlobalSection(ProjectConfigurationPlatforms) = postSolution
		{FFD28F8C-929A-4AEF-8FAA-4D72959B9EE4}.Debug|Any CPU.ActiveCfg = Debug|Any CPU
		{FFD28F8C-929A-4AEF-8FAA-4D72959B9EE4}.Debug|Any CPU.Build.0 = Debug|Any CPU
		{FFD28F8C-929A-4AEF-8FAA-4D72959B9EE4}.Release|Any CPU.ActiveCfg = Release|Any CPU
		{FFD28F8C-929A-4AEF-8FAA-4D72959B9EE4}.Release|Any CPU.Build.0 = Release|Any CPU
		{D142CA8B-F466-4AAB-B049-7524160427DC}.Debug|Any CPU.ActiveCfg = Debug|Any CPU
		{D142CA8B-F466-4AAB-B049-7524160427DC}.Debug|Any CPU.Build.0 = Debug|Any CPU
		{D142CA8B-F466-4AAB-B049-7524160427DC}.Release|Any CPU.ActiveCfg = Release|Any CPU
		{D142CA8B-F466-4AAB-B049-7524160427DC}.Release|Any CPU.Build.0 = Release|Any CPU
		{4DCBF624-8A8A-43CD-8E55-E66667FD31D5}.Debug|Any CPU.ActiveCfg = Debug|Any CPU
		{4DCBF624-8A8A-43CD-8E55-E66667FD31D5}.Debug|Any CPU.Build.0 = Debug|Any CPU
		{4DCBF624-8A8A-43CD-8E55-E66667FD31D5}.Release|Any CPU.ActiveCfg = Release|Any CPU
		{4DCBF624-8A8A-43CD-8E55-E66667FD31D5}.Release|Any CPU.Build.0 = Release|Any CPU
	EndGlobalSection
	GlobalSection(SolutionProperties) = preSolution
		HideSolutionNode = FALSE
	EndGlobalSection
	GlobalSection(ExtensibilityGlobals) = postSolution
		SolutionGuid = {735F5871-6624-42B7-9AE3-2688100FB35A}
	EndGlobalSection
EndGlobal
